
Microsoft Visual Studio Solution File, Format Version 12.00
# Visual Studio Version 17
VisualStudioVersion = 17.4.33213.308
MinimumVisualStudioVersion = 10.0.40219.1
Project("{2150E333-8FDC-42A3-9474-1A3956D46DE8}") = "Services", "Services", "{F89EA506-C8E7-43A4-ACD9-F79188BDAAFB}"
EndProject
Project("{2150E333-8FDC-42A3-9474-1A3956D46DE8}") = "Catalog", "Catalog", "{F38576D6-B558-4862-95CD-D714E64CA2A7}"
EndProject
Project("{9A19103F-16F7-4668-BE54-9A1E7A4F7556}") = "Catalog.API", "Services\Catalog\Catalog.API\Catalog.API.csproj", "{DAA920BF-DC8F-424B-B449-4AEC0B1C61B7}"
EndProject
Project("{E53339B2-1760-4266-BCC7-CA923CBCF16C}") = "docker-compose", "docker-compose.dcproj", "{679F7698-3B7E-4A98-9CEA-1B42C00D48AD}"
EndProject
Project("{2150E333-8FDC-42A3-9474-1A3956D46DE8}") = "Basket", "Basket", "{4623C546-E27E-4D17-AA66-0CE3427C21CE}"
EndProject
Project("{9A19103F-16F7-4668-BE54-9A1E7A4F7556}") = "Basket.API", "Services\Basket\Basket.API\Basket.API.csproj", "{279FCF44-288F-41BD-B12E-0E770C9FCB44}"
EndProject
Project("{2150E333-8FDC-42A3-9474-1A3956D46DE8}") = "Discount", "Discount", "{64635946-62A5-4495-8623-FC7F2316F56E}"
EndProject
Project("{9A19103F-16F7-4668-BE54-9A1E7A4F7556}") = "Discount.API", "Services\Discount\Discount.API\Discount.API.csproj", "{790DA0F3-09B7-4A8B-A466-14AC7E1ADCCA}"
EndProject
Project("{9A19103F-16F7-4668-BE54-9A1E7A4F7556}") = "Discount.gRPC", "Services\Discount\Discount.gRPC\Discount.gRPC.csproj", "{662D6EC7-B65F-483C-82DF-B8FE8D4A5C94}"
EndProject
Project("{2150E333-8FDC-42A3-9474-1A3956D46DE8}") = "Ordering", "Ordering", "{20B9BEFF-3D79-4397-A401-32AA011B2AEC}"
EndProject
Project("{9A19103F-16F7-4668-BE54-9A1E7A4F7556}") = "Ordering.API", "Services\Ordering\Ordering.API\Ordering.API.csproj", "{03F73019-C2BD-4E36-8C87-97A3637365C7}"
EndProject
Project("{9A19103F-16F7-4668-BE54-9A1E7A4F7556}") = "Ordering.Domain", "Services\Ordering\Ordering.Domain\Ordering.Domain.csproj", "{2F96E163-20E7-44AC-90B9-03278B0C2DA0}"
EndProject
Project("{9A19103F-16F7-4668-BE54-9A1E7A4F7556}") = "Ordering.Application", "Services\Ordering\Ordering.Application\Ordering.Application.csproj", "{805E0001-A21A-43F3-AB6B-2D860F3CC7BA}"
EndProject
Project("{9A19103F-16F7-4668-BE54-9A1E7A4F7556}") = "Ordering.Infrastructure", "Services\Ordering\Ordering.Infrastructure\Ordering.Infrastructure.csproj", "{BEB0B642-4946-409C-A3A9-64B36FF5A090}"
EndProject
Project("{2150E333-8FDC-42A3-9474-1A3956D46DE8}") = "BuildingBlocks", "BuildingBlocks", "{B4A5C7A3-B8BD-4223-92B0-DB17841D66C6}"
EndProject
Project("{9A19103F-16F7-4668-BE54-9A1E7A4F7556}") = "EventBus.Messages", "BuildingBlocks\EventBus.Messages\EventBus.Messages.csproj", "{E390C15F-5DE3-4394-AADE-C9BDC4F0EBC6}"
EndProject
Project("{2150E333-8FDC-42A3-9474-1A3956D46DE8}") = "ApiGateways", "ApiGateways", "{07C00CB4-8265-400E-BE8B-C91B26B5B075}"
EndProject
Project("{FAE04EC0-301F-11D3-BF4B-00C04F79EFBC}") = "OcelotApiGateway", "ApiGateways\OcelotApiGateway\OcelotApiGateway.csproj", "{1660F001-AFC3-481C-AD8E-1AB8B4482A72}"
EndProject
Global
	GlobalSection(SolutionConfigurationPlatforms) = preSolution
		Debug|Any CPU = Debug|Any CPU
		Release|Any CPU = Release|Any CPU
	EndGlobalSection
	GlobalSection(ProjectConfigurationPlatforms) = postSolution
		{DAA920BF-DC8F-424B-B449-4AEC0B1C61B7}.Debug|Any CPU.ActiveCfg = Debug|Any CPU
		{DAA920BF-DC8F-424B-B449-4AEC0B1C61B7}.Debug|Any CPU.Build.0 = Debug|Any CPU
		{DAA920BF-DC8F-424B-B449-4AEC0B1C61B7}.Release|Any CPU.ActiveCfg = Release|Any CPU
		{DAA920BF-DC8F-424B-B449-4AEC0B1C61B7}.Release|Any CPU.Build.0 = Release|Any CPU
		{679F7698-3B7E-4A98-9CEA-1B42C00D48AD}.Debug|Any CPU.ActiveCfg = Debug|Any CPU
		{679F7698-3B7E-4A98-9CEA-1B42C00D48AD}.Debug|Any CPU.Build.0 = Debug|Any CPU
		{679F7698-3B7E-4A98-9CEA-1B42C00D48AD}.Release|Any CPU.ActiveCfg = Release|Any CPU
		{679F7698-3B7E-4A98-9CEA-1B42C00D48AD}.Release|Any CPU.Build.0 = Release|Any CPU
		{279FCF44-288F-41BD-B12E-0E770C9FCB44}.Debug|Any CPU.ActiveCfg = Debug|Any CPU
		{279FCF44-288F-41BD-B12E-0E770C9FCB44}.Debug|Any CPU.Build.0 = Debug|Any CPU
		{279FCF44-288F-41BD-B12E-0E770C9FCB44}.Release|Any CPU.ActiveCfg = Release|Any CPU
		{279FCF44-288F-41BD-B12E-0E770C9FCB44}.Release|Any CPU.Build.0 = Release|Any CPU
		{790DA0F3-09B7-4A8B-A466-14AC7E1ADCCA}.Debug|Any CPU.ActiveCfg = Debug|Any CPU
		{790DA0F3-09B7-4A8B-A466-14AC7E1ADCCA}.Debug|Any CPU.Build.0 = Debug|Any CPU
		{790DA0F3-09B7-4A8B-A466-14AC7E1ADCCA}.Release|Any CPU.ActiveCfg = Release|Any CPU
		{790DA0F3-09B7-4A8B-A466-14AC7E1ADCCA}.Release|Any CPU.Build.0 = Release|Any CPU
		{662D6EC7-B65F-483C-82DF-B8FE8D4A5C94}.Debug|Any CPU.ActiveCfg = Debug|Any CPU
		{662D6EC7-B65F-483C-82DF-B8FE8D4A5C94}.Debug|Any CPU.Build.0 = Debug|Any CPU
		{662D6EC7-B65F-483C-82DF-B8FE8D4A5C94}.Release|Any CPU.ActiveCfg = Release|Any CPU
		{662D6EC7-B65F-483C-82DF-B8FE8D4A5C94}.Release|Any CPU.Build.0 = Release|Any CPU
		{03F73019-C2BD-4E36-8C87-97A3637365C7}.Debug|Any CPU.ActiveCfg = Debug|Any CPU
		{03F73019-C2BD-4E36-8C87-97A3637365C7}.Debug|Any CPU.Build.0 = Debug|Any CPU
		{03F73019-C2BD-4E36-8C87-97A3637365C7}.Release|Any CPU.ActiveCfg = Release|Any CPU
		{03F73019-C2BD-4E36-8C87-97A3637365C7}.Release|Any CPU.Build.0 = Release|Any CPU
		{2F96E163-20E7-44AC-90B9-03278B0C2DA0}.Debug|Any CPU.ActiveCfg = Debug|Any CPU
		{2F96E163-20E7-44AC-90B9-03278B0C2DA0}.Debug|Any CPU.Build.0 = Debug|Any CPU
		{2F96E163-20E7-44AC-90B9-03278B0C2DA0}.Release|Any CPU.ActiveCfg = Release|Any CPU
		{2F96E163-20E7-44AC-90B9-03278B0C2DA0}.Release|Any CPU.Build.0 = Release|Any CPU
		{805E0001-A21A-43F3-AB6B-2D860F3CC7BA}.Debug|Any CPU.ActiveCfg = Debug|Any CPU
		{805E0001-A21A-43F3-AB6B-2D860F3CC7BA}.Debug|Any CPU.Build.0 = Debug|Any CPU
		{805E0001-A21A-43F3-AB6B-2D860F3CC7BA}.Release|Any CPU.ActiveCfg = Release|Any CPU
		{805E0001-A21A-43F3-AB6B-2D860F3CC7BA}.Release|Any CPU.Build.0 = Release|Any CPU
		{BEB0B642-4946-409C-A3A9-64B36FF5A090}.Debug|Any CPU.ActiveCfg = Debug|Any CPU
		{BEB0B642-4946-409C-A3A9-64B36FF5A090}.Debug|Any CPU.Build.0 = Debug|Any CPU
		{BEB0B642-4946-409C-A3A9-64B36FF5A090}.Release|Any CPU.ActiveCfg = Release|Any CPU
		{BEB0B642-4946-409C-A3A9-64B36FF5A090}.Release|Any CPU.Build.0 = Release|Any CPU
		{E390C15F-5DE3-4394-AADE-C9BDC4F0EBC6}.Debug|Any CPU.ActiveCfg = Debug|Any CPU
		{E390C15F-5DE3-4394-AADE-C9BDC4F0EBC6}.Debug|Any CPU.Build.0 = Debug|Any CPU
		{E390C15F-5DE3-4394-AADE-C9BDC4F0EBC6}.Release|Any CPU.ActiveCfg = Release|Any CPU
		{E390C15F-5DE3-4394-AADE-C9BDC4F0EBC6}.Release|Any CPU.Build.0 = Release|Any CPU
		{1660F001-AFC3-481C-AD8E-1AB8B4482A72}.Debug|Any CPU.ActiveCfg = Debug|Any CPU
		{1660F001-AFC3-481C-AD8E-1AB8B4482A72}.Debug|Any CPU.Build.0 = Debug|Any CPU
		{1660F001-AFC3-481C-AD8E-1AB8B4482A72}.Release|Any CPU.ActiveCfg = Release|Any CPU
		{1660F001-AFC3-481C-AD8E-1AB8B4482A72}.Release|Any CPU.Build.0 = Release|Any CPU
	EndGlobalSection
	GlobalSection(SolutionProperties) = preSolution
		HideSolutionNode = FALSE
	EndGlobalSection
	GlobalSection(NestedProjects) = preSolution
		{F38576D6-B558-4862-95CD-D714E64CA2A7} = {F89EA506-C8E7-43A4-ACD9-F79188BDAAFB}
		{DAA920BF-DC8F-424B-B449-4AEC0B1C61B7} = {F38576D6-B558-4862-95CD-D714E64CA2A7}
		{4623C546-E27E-4D17-AA66-0CE3427C21CE} = {F89EA506-C8E7-43A4-ACD9-F79188BDAAFB}
		{279FCF44-288F-41BD-B12E-0E770C9FCB44} = {4623C546-E27E-4D17-AA66-0CE3427C21CE}
		{64635946-62A5-4495-8623-FC7F2316F56E} = {F89EA506-C8E7-43A4-ACD9-F79188BDAAFB}
		{790DA0F3-09B7-4A8B-A466-14AC7E1ADCCA} = {64635946-62A5-4495-8623-FC7F2316F56E}
		{662D6EC7-B65F-483C-82DF-B8FE8D4A5C94} = {64635946-62A5-4495-8623-FC7F2316F56E}
		{20B9BEFF-3D79-4397-A401-32AA011B2AEC} = {F89EA506-C8E7-43A4-ACD9-F79188BDAAFB}
		{03F73019-C2BD-4E36-8C87-97A3637365C7} = {20B9BEFF-3D79-4397-A401-32AA011B2AEC}
		{2F96E163-20E7-44AC-90B9-03278B0C2DA0} = {20B9BEFF-3D79-4397-A401-32AA011B2AEC}
		{805E0001-A21A-43F3-AB6B-2D860F3CC7BA} = {20B9BEFF-3D79-4397-A401-32AA011B2AEC}
		{BEB0B642-4946-409C-A3A9-64B36FF5A090} = {20B9BEFF-3D79-4397-A401-32AA011B2AEC}
		{E390C15F-5DE3-4394-AADE-C9BDC4F0EBC6} = {B4A5C7A3-B8BD-4223-92B0-DB17841D66C6}
		{1660F001-AFC3-481C-AD8E-1AB8B4482A72} = {07C00CB4-8265-400E-BE8B-C91B26B5B075}
	EndGlobalSection
	GlobalSection(ExtensibilityGlobals) = postSolution
		SolutionGuid = {35DBDC81-F167-4E20-8C11-118C91231A6A}
	EndGlobalSection
EndGlobal
